
Microsoft Visual Studio Solution File, Format Version 12.00
# Visual Studio Version 17
VisualStudioVersion = 17.7.34024.191
MinimumVisualStudioVersion = 10.0.40219.1
Project("{FAE04EC0-301F-11D3-BF4B-00C04F79EFBC}") = "Sudokuuuu", "Sudokuuuu\Sudokuuuu.csproj", "{2F3C10F6-F2C9-4700-9E06-96475D813FE3}"
EndProject
Global
	GlobalSection(SolutionConfigurationPlatforms) = preSolution
		Debug|Any CPU = Debug|Any CPU
		Release|Any CPU = Release|Any CPU
	EndGlobalSection
	GlobalSection(ProjectConfigurationPlatforms) = postSolution
		{2F3C10F6-F2C9-4700-9E06-96475D813FE3}.Debug|Any CPU.ActiveCfg = Debug|Any CPU
		{2F3C10F6-F2C9-4700-9E06-96475D813FE3}.Debug|Any CPU.Build.0 = Debug|Any CPU
		{2F3C10F6-F2C9-4700-9E06-96475D813FE3}.Release|Any CPU.ActiveCfg = Release|Any CPU
		{2F3C10F6-F2C9-4700-9E06-96475D813FE3}.Release|Any CPU.Build.0 = Release|Any CPU
	EndGlobalSection
	GlobalSection(SolutionProperties) = preSolution
		HideSolutionNode = FALSE
	EndGlobalSection
	GlobalSection(ExtensibilityGlobals) = postSolution
		SolutionGuid = {C48233FF-975E-49A8-943E-E0398943B0E4}
	EndGlobalSection
EndGlobal
